
Microsoft Visual Studio Solution File, Format Version 12.00
# Visual Studio Version 16
VisualStudioVersion = 16.0.31112.23
MinimumVisualStudioVersion = 10.0.40219.1
Project("{FAE04EC0-301F-11D3-BF4B-00C04F79EFBC}") = "Ditto", "Ditto\Ditto.csproj", "{06DF12EC-5430-4344-9E4C-3CA557EDAAF5}"
EndProject
Global
	GlobalSection(SolutionConfigurationPlatforms) = preSolution
		Debug|Any CPU = Debug|Any CPU
		Release|Any CPU = Release|Any CPU
	EndGlobalSection
	GlobalSection(ProjectConfigurationPlatforms) = postSolution
		{06DF12EC-5430-4344-9E4C-3CA557EDAAF5}.Debug|Any CPU.ActiveCfg = Debug|Any CPU
		{06DF12EC-5430-4344-9E4C-3CA557EDAAF5}.Debug|Any CPU.Build.0 = Debug|Any CPU
		{06DF12EC-5430-4344-9E4C-3CA557EDAAF5}.Release|Any CPU.ActiveCfg = Release|Any CPU
		{06DF12EC-5430-4344-9E4C-3CA557EDAAF5}.Release|Any CPU.Build.0 = Release|Any CPU
	EndGlobalSection
	GlobalSection(SolutionProperties) = preSolution
		HideSolutionNode = FALSE
	EndGlobalSection
	GlobalSection(ExtensibilityGlobals) = postSolution
		SolutionGuid = {58F35BD3-EDAA-4AA9-83F4-47FF8BEFAE5C}
	EndGlobalSection
EndGlobal
